
Microsoft Visual Studio Solution File, Format Version 12.00
# Visual Studio Version 17
VisualStudioVersion = 17.0.31903.59
MinimumVisualStudioVersion = 10.0.40219.1
Project("{9A19103F-16F7-4668-BE54-9A1E7A4F7556}") = "SocialMediaFreelas", "SocialMediaFreelas.App\SocialMediaFreelas.csproj", "{BACA3DEC-D71F-48A8-A8B1-12CFC21F8CCF}"
EndProject
Global
	GlobalSection(SolutionConfigurationPlatforms) = preSolution
		Debug|Any CPU = Debug|Any CPU
		Release|Any CPU = Release|Any CPU
	EndGlobalSection
	GlobalSection(ProjectConfigurationPlatforms) = postSolution
		{BACA3DEC-D71F-48A8-A8B1-12CFC21F8CCF}.Debug|Any CPU.ActiveCfg = Debug|Any CPU
		{BACA3DEC-D71F-48A8-A8B1-12CFC21F8CCF}.Debug|Any CPU.Build.0 = Debug|Any CPU
		{BACA3DEC-D71F-48A8-A8B1-12CFC21F8CCF}.Release|Any CPU.ActiveCfg = Release|Any CPU
		{BACA3DEC-D71F-48A8-A8B1-12CFC21F8CCF}.Release|Any CPU.Build.0 = Release|Any CPU
	EndGlobalSection
	GlobalSection(SolutionProperties) = preSolution
		HideSolutionNode = FALSE
	EndGlobalSection
	GlobalSection(ExtensibilityGlobals) = postSolution
		SolutionGuid = {CC5F29F6-018F-492C-B59D-DE7665B1ACFB}
	EndGlobalSection
EndGlobal
